
Microsoft Visual Studio Solution File, Format Version 12.00
# Visual Studio 15
VisualStudioVersion = 15.0.26124.0
MinimumVisualStudioVersion = 15.0.26124.0
Project("{FAE04EC0-301F-11D3-BF4B-00C04F79EFBC}") = "CPN.NetCore.API", "CPN.NetCore.API\CPN.NetCore.API.csproj", "{45260803-715A-4A49-90A4-E8B05CDC28FC}"
EndProject
Project("{FAE04EC0-301F-11D3-BF4B-00C04F79EFBC}") = "CPN.NetCore.CrossCutting", "CPN.NetCore.CrossCutting\CPN.NetCore.CrossCutting.csproj", "{938CD3D7-16F4-4E39-A991-71CFAA3A76F5}"
EndProject
Project("{FAE04EC0-301F-11D3-BF4B-00C04F79EFBC}") = "CPN.NetCore..DTO", "CPN.NetCore.DTO\CPN.NetCore.DTO.csproj", "{3DF2B266-E7E2-4F1F-B64C-0CFFE8625B56}"
EndProject
Project("{FAE04EC0-301F-11D3-BF4B-00C04F79EFBC}") = "CPN.NetCore..Entity", "CPN.NetCore.Entity\CPN.NetCore.Entity.csproj", "{CA0206BC-DF1F-487A-85FB-5A39C699EF98}"
EndProject
Project("{FAE04EC0-301F-11D3-BF4B-00C04F79EFBC}") = "CPN.NetCore.Test", "CPN.NetCore.Test\CPN.NetCore.Test.csproj", "{A1225A11-7B38-4035-A368-03B71F11CA36}"
EndProject
Project("{FAE04EC0-301F-11D3-BF4B-00C04F79EFBC}") = "CPN.NetCore.Repository.Impl", "CPN.NetCore.Repository.Impl\CPN.NetCore.Repository.Impl.csproj", "{6576268F-5436-454B-BC48-12995FB08FF5}"
EndProject
Project("{FAE04EC0-301F-11D3-BF4B-00C04F79EFBC}") = "CPN.NetCore.Repository.Spec", "CPN.NetCore.Repository.Spec\CPN.NetCore.Repository.Spec.csproj", "{3524BBDD-7B46-4E4A-8FE9-9C1F3636B8C7}"
EndProject
Project("{FAE04EC0-301F-11D3-BF4B-00C04F79EFBC}") = "CPN.NetCore.Service.Impl", "CPN.NetCore.Service.Impl\CPN.NetCore.Service.Impl.csproj", "{C155F8AF-AD60-404D-ABE2-356D07EA22E7}"
EndProject
Project("{FAE04EC0-301F-11D3-BF4B-00C04F79EFBC}") = "CPN.NetCore.Service.Spec", "CPN.NetCore.Service.Spec\CPN.NetCore.Service.Spec.csproj", "{56AB3163-CC4F-45A1-AC27-6BFD2D624ADF}"
EndProject
Global
	GlobalSection(SolutionConfigurationPlatforms) = preSolution
		Debug|Any CPU = Debug|Any CPU
		Debug|x64 = Debug|x64
		Debug|x86 = Debug|x86
		Release|Any CPU = Release|Any CPU
		Release|x64 = Release|x64
		Release|x86 = Release|x86
	EndGlobalSection
	GlobalSection(SolutionProperties) = preSolution
		HideSolutionNode = FALSE
	EndGlobalSection
	GlobalSection(ProjectConfigurationPlatforms) = postSolution
		{45260803-715A-4A49-90A4-E8B05CDC28FC}.Debug|Any CPU.ActiveCfg = Debug|Any CPU
		{45260803-715A-4A49-90A4-E8B05CDC28FC}.Debug|Any CPU.Build.0 = Debug|Any CPU
		{45260803-715A-4A49-90A4-E8B05CDC28FC}.Debug|x64.ActiveCfg = Debug|Any CPU
		{45260803-715A-4A49-90A4-E8B05CDC28FC}.Debug|x64.Build.0 = Debug|Any CPU
		{45260803-715A-4A49-90A4-E8B05CDC28FC}.Debug|x86.ActiveCfg = Debug|Any CPU
		{45260803-715A-4A49-90A4-E8B05CDC28FC}.Debug|x86.Build.0 = Debug|Any CPU
		{45260803-715A-4A49-90A4-E8B05CDC28FC}.Release|Any CPU.ActiveCfg = Release|Any CPU
		{45260803-715A-4A49-90A4-E8B05CDC28FC}.Release|Any CPU.Build.0 = Release|Any CPU
		{45260803-715A-4A49-90A4-E8B05CDC28FC}.Release|x64.ActiveCfg = Release|Any CPU
		{45260803-715A-4A49-90A4-E8B05CDC28FC}.Release|x64.Build.0 = Release|Any CPU
		{45260803-715A-4A49-90A4-E8B05CDC28FC}.Release|x86.ActiveCfg = Release|Any CPU
		{45260803-715A-4A49-90A4-E8B05CDC28FC}.Release|x86.Build.0 = Release|Any CPU
		{938CD3D7-16F4-4E39-A991-71CFAA3A76F5}.Debug|Any CPU.ActiveCfg = Debug|Any CPU
		{938CD3D7-16F4-4E39-A991-71CFAA3A76F5}.Debug|Any CPU.Build.0 = Debug|Any CPU
		{938CD3D7-16F4-4E39-A991-71CFAA3A76F5}.Debug|x64.ActiveCfg = Debug|Any CPU
		{938CD3D7-16F4-4E39-A991-71CFAA3A76F5}.Debug|x64.Build.0 = Debug|Any CPU
		{938CD3D7-16F4-4E39-A991-71CFAA3A76F5}.Debug|x86.ActiveCfg = Debug|Any CPU
		{938CD3D7-16F4-4E39-A991-71CFAA3A76F5}.Debug|x86.Build.0 = Debug|Any CPU
		{938CD3D7-16F4-4E39-A991-71CFAA3A76F5}.Release|Any CPU.ActiveCfg = Release|Any CPU
		{938CD3D7-16F4-4E39-A991-71CFAA3A76F5}.Release|Any CPU.Build.0 = Release|Any CPU
		{938CD3D7-16F4-4E39-A991-71CFAA3A76F5}.Release|x64.ActiveCfg = Release|Any CPU
		{938CD3D7-16F4-4E39-A991-71CFAA3A76F5}.Release|x64.Build.0 = Release|Any CPU
		{938CD3D7-16F4-4E39-A991-71CFAA3A76F5}.Release|x86.ActiveCfg = Release|Any CPU
		{938CD3D7-16F4-4E39-A991-71CFAA3A76F5}.Release|x86.Build.0 = Release|Any CPU
		{3DF2B266-E7E2-4F1F-B64C-0CFFE8625B56}.Debug|Any CPU.ActiveCfg = Debug|Any CPU
		{3DF2B266-E7E2-4F1F-B64C-0CFFE8625B56}.Debug|Any CPU.Build.0 = Debug|Any CPU
		{3DF2B266-E7E2-4F1F-B64C-0CFFE8625B56}.Debug|x64.ActiveCfg = Debug|Any CPU
		{3DF2B266-E7E2-4F1F-B64C-0CFFE8625B56}.Debug|x64.Build.0 = Debug|Any CPU
		{3DF2B266-E7E2-4F1F-B64C-0CFFE8625B56}.Debug|x86.ActiveCfg = Debug|Any CPU
		{3DF2B266-E7E2-4F1F-B64C-0CFFE8625B56}.Debug|x86.Build.0 = Debug|Any CPU
		{3DF2B266-E7E2-4F1F-B64C-0CFFE8625B56}.Release|Any CPU.ActiveCfg = Release|Any CPU
		{3DF2B266-E7E2-4F1F-B64C-0CFFE8625B56}.Release|Any CPU.Build.0 = Release|Any CPU
		{3DF2B266-E7E2-4F1F-B64C-0CFFE8625B56}.Release|x64.ActiveCfg = Release|Any CPU
		{3DF2B266-E7E2-4F1F-B64C-0CFFE8625B56}.Release|x64.Build.0 = Release|Any CPU
		{3DF2B266-E7E2-4F1F-B64C-0CFFE8625B56}.Release|x86.ActiveCfg = Release|Any CPU
		{3DF2B266-E7E2-4F1F-B64C-0CFFE8625B56}.Release|x86.Build.0 = Release|Any CPU
		{CA0206BC-DF1F-487A-85FB-5A39C699EF98}.Debug|Any CPU.ActiveCfg = Debug|Any CPU
		{CA0206BC-DF1F-487A-85FB-5A39C699EF98}.Debug|Any CPU.Build.0 = Debug|Any CPU
		{CA0206BC-DF1F-487A-85FB-5A39C699EF98}.Debug|x64.ActiveCfg = Debug|Any CPU
		{CA0206BC-DF1F-487A-85FB-5A39C699EF98}.Debug|x64.Build.0 = Debug|Any CPU
		{CA0206BC-DF1F-487A-85FB-5A39C699EF98}.Debug|x86.ActiveCfg = Debug|Any CPU
		{CA0206BC-DF1F-487A-85FB-5A39C699EF98}.Debug|x86.Build.0 = Debug|Any CPU
		{CA0206BC-DF1F-487A-85FB-5A39C699EF98}.Release|Any CPU.ActiveCfg = Release|Any CPU
		{CA0206BC-DF1F-487A-85FB-5A39C699EF98}.Release|Any CPU.Build.0 = Release|Any CPU
		{CA0206BC-DF1F-487A-85FB-5A39C699EF98}.Release|x64.ActiveCfg = Release|Any CPU
		{CA0206BC-DF1F-487A-85FB-5A39C699EF98}.Release|x64.Build.0 = Release|Any CPU
		{CA0206BC-DF1F-487A-85FB-5A39C699EF98}.Release|x86.ActiveCfg = Release|Any CPU
		{CA0206BC-DF1F-487A-85FB-5A39C699EF98}.Release|x86.Build.0 = Release|Any CPU
		{A1225A11-7B38-4035-A368-03B71F11CA36}.Debug|Any CPU.ActiveCfg = Debug|Any CPU
		{A1225A11-7B38-4035-A368-03B71F11CA36}.Debug|Any CPU.Build.0 = Debug|Any CPU
		{A1225A11-7B38-4035-A368-03B71F11CA36}.Debug|x64.ActiveCfg = Debug|Any CPU
		{A1225A11-7B38-4035-A368-03B71F11CA36}.Debug|x64.Build.0 = Debug|Any CPU
		{A1225A11-7B38-4035-A368-03B71F11CA36}.Debug|x86.ActiveCfg = Debug|Any CPU
		{A1225A11-7B38-4035-A368-03B71F11CA36}.Debug|x86.Build.0 = Debug|Any CPU
		{A1225A11-7B38-4035-A368-03B71F11CA36}.Release|Any CPU.ActiveCfg = Release|Any CPU
		{A1225A11-7B38-4035-A368-03B71F11CA36}.Release|Any CPU.Build.0 = Release|Any CPU
		{A1225A11-7B38-4035-A368-03B71F11CA36}.Release|x64.ActiveCfg = Release|Any CPU
		{A1225A11-7B38-4035-A368-03B71F11CA36}.Release|x64.Build.0 = Release|Any CPU
		{A1225A11-7B38-4035-A368-03B71F11CA36}.Release|x86.ActiveCfg = Release|Any CPU
		{A1225A11-7B38-4035-A368-03B71F11CA36}.Release|x86.Build.0 = Release|Any CPU
		{6576268F-5436-454B-BC48-12995FB08FF5}.Debug|Any CPU.ActiveCfg = Debug|Any CPU
		{6576268F-5436-454B-BC48-12995FB08FF5}.Debug|Any CPU.Build.0 = Debug|Any CPU
		{6576268F-5436-454B-BC48-12995FB08FF5}.Debug|x64.ActiveCfg = Debug|Any CPU
		{6576268F-5436-454B-BC48-12995FB08FF5}.Debug|x64.Build.0 = Debug|Any CPU
		{6576268F-5436-454B-BC48-12995FB08FF5}.Debug|x86.ActiveCfg = Debug|Any CPU
		{6576268F-5436-454B-BC48-12995FB08FF5}.Debug|x86.Build.0 = Debug|Any CPU
		{6576268F-5436-454B-BC48-12995FB08FF5}.Release|Any CPU.ActiveCfg = Release|Any CPU
		{6576268F-5436-454B-BC48-12995FB08FF5}.Release|Any CPU.Build.0 = Release|Any CPU
		{6576268F-5436-454B-BC48-12995FB08FF5}.Release|x64.ActiveCfg = Release|Any CPU
		{6576268F-5436-454B-BC48-12995FB08FF5}.Release|x64.Build.0 = Release|Any CPU
		{6576268F-5436-454B-BC48-12995FB08FF5}.Release|x86.ActiveCfg = Release|Any CPU
		{6576268F-5436-454B-BC48-12995FB08FF5}.Release|x86.Build.0 = Release|Any CPU
		{3524BBDD-7B46-4E4A-8FE9-9C1F3636B8C7}.Debug|Any CPU.ActiveCfg = Debug|Any CPU
		{3524BBDD-7B46-4E4A-8FE9-9C1F3636B8C7}.Debug|Any CPU.Build.0 = Debug|Any CPU
		{3524BBDD-7B46-4E4A-8FE9-9C1F3636B8C7}.Debug|x64.ActiveCfg = Debug|Any CPU
		{3524BBDD-7B46-4E4A-8FE9-9C1F3636B8C7}.Debug|x64.Build.0 = Debug|Any CPU
		{3524BBDD-7B46-4E4A-8FE9-9C1F3636B8C7}.Debug|x86.ActiveCfg = Debug|Any CPU
		{3524BBDD-7B46-4E4A-8FE9-9C1F3636B8C7}.Debug|x86.Build.0 = Debug|Any CPU
		{3524BBDD-7B46-4E4A-8FE9-9C1F3636B8C7}.Release|Any CPU.ActiveCfg = Release|Any CPU
		{3524BBDD-7B46-4E4A-8FE9-9C1F3636B8C7}.Release|Any CPU.Build.0 = Release|Any CPU
		{3524BBDD-7B46-4E4A-8FE9-9C1F3636B8C7}.Release|x64.ActiveCfg = Release|Any CPU
		{3524BBDD-7B46-4E4A-8FE9-9C1F3636B8C7}.Release|x64.Build.0 = Release|Any CPU
		{3524BBDD-7B46-4E4A-8FE9-9C1F3636B8C7}.Release|x86.ActiveCfg = Release|Any CPU
		{3524BBDD-7B46-4E4A-8FE9-9C1F3636B8C7}.Release|x86.Build.0 = Release|Any CPU
		{C155F8AF-AD60-404D-ABE2-356D07EA22E7}.Debug|Any CPU.ActiveCfg = Debug|Any CPU
		{C155F8AF-AD60-404D-ABE2-356D07EA22E7}.Debug|Any CPU.Build.0 = Debug|Any CPU
		{C155F8AF-AD60-404D-ABE2-356D07EA22E7}.Debug|x64.ActiveCfg = Debug|Any CPU
		{C155F8AF-AD60-404D-ABE2-356D07EA22E7}.Debug|x64.Build.0 = Debug|Any CPU
		{C155F8AF-AD60-404D-ABE2-356D07EA22E7}.Debug|x86.ActiveCfg = Debug|Any CPU
		{C155F8AF-AD60-404D-ABE2-356D07EA22E7}.Debug|x86.Build.0 = Debug|Any CPU
		{C155F8AF-AD60-404D-ABE2-356D07EA22E7}.Release|Any CPU.ActiveCfg = Release|Any CPU
		{C155F8AF-AD60-404D-ABE2-356D07EA22E7}.Release|Any CPU.Build.0 = Release|Any CPU
		{C155F8AF-AD60-404D-ABE2-356D07EA22E7}.Release|x64.ActiveCfg = Release|Any CPU
		{C155F8AF-AD60-404D-ABE2-356D07EA22E7}.Release|x64.Build.0 = Release|Any CPU
		{C155F8AF-AD60-404D-ABE2-356D07EA22E7}.Release|x86.ActiveCfg = Release|Any CPU
		{C155F8AF-AD60-404D-ABE2-356D07EA22E7}.Release|x86.Build.0 = Release|Any CPU
		{56AB3163-CC4F-45A1-AC27-6BFD2D624ADF}.Debug|Any CPU.ActiveCfg = Debug|Any CPU
		{56AB3163-CC4F-45A1-AC27-6BFD2D624ADF}.Debug|Any CPU.Build.0 = Debug|Any CPU
		{56AB3163-CC4F-45A1-AC27-6BFD2D624ADF}.Debug|x64.ActiveCfg = Debug|Any CPU
		{56AB3163-CC4F-45A1-AC27-6BFD2D624ADF}.Debug|x64.Build.0 = Debug|Any CPU
		{56AB3163-CC4F-45A1-AC27-6BFD2D624ADF}.Debug|x86.ActiveCfg = Debug|Any CPU
		{56AB3163-CC4F-45A1-AC27-6BFD2D624ADF}.Debug|x86.Build.0 = Debug|Any CPU
		{56AB3163-CC4F-45A1-AC27-6BFD2D624ADF}.Release|Any CPU.ActiveCfg = Release|Any CPU
		{56AB3163-CC4F-45A1-AC27-6BFD2D624ADF}.Release|Any CPU.Build.0 = Release|Any CPU
		{56AB3163-CC4F-45A1-AC27-6BFD2D624ADF}.Release|x64.ActiveCfg = Release|Any CPU
		{56AB3163-CC4F-45A1-AC27-6BFD2D624ADF}.Release|x64.Build.0 = Release|Any CPU
		{56AB3163-CC4F-45A1-AC27-6BFD2D624ADF}.Release|x86.ActiveCfg = Release|Any CPU
		{56AB3163-CC4F-45A1-AC27-6BFD2D624ADF}.Release|x86.Build.0 = Release|Any CPU
	EndGlobalSection
EndGlobal
